github.com/approvals/go-approval-tests v0.0.0-20240417152556-434b9105e958 h1:7/wXpCITDdUf5qOuxr8e9YwFEJIPkZZyD0Z3nvV1Zwc=
github.com/approvals/go-approval-tests v0.0.0-20240417152556-434b9105e958/go.mod h1:PJOqSY8IofNv3heAD6k8E7EfFS6okiSS9bSAasaAUME=
github.com/cockroachdb/apd v1.1.0 h1:3LFP3629v+1aKXU5Q37mxmRxX/pIu1nijXydLShEq5I=
github.com/cockroachdb/apd v1.1.0/go.mod h1:8Sl8LxpKi29FqWXR16WEFZRNSz3SoPzUzeMeY4+DwBQ=
github.com/leekchan/accounting v0.0.0-20190702062627-a09595581342 h1:vzuUv5azbeM31DiEL386i5eQESs5FNN2gDfkPowzNkk=
github.com/leekchan/accounting v0.0.0-20190702062627-a09595581342/go.mod h1:VfQkU+lPM8fjkGqiTn6R+4MX4A/pVwE1XGdDBqp0JFk=
github.com/leekchan/accounting v1.0.0 h1:+Wd7dJ//dFPa28rc1hjyy+qzCbXPMR91Fb6F1VGTQHg=
github.com/leekchan/accounting v1.0.0/go.mod h1:3timm6YPhY3YDaGxl0q3eaflX0eoSx3FXn7ckHe4tO0=
github.com/lib/pq v1.0.0 h1:X5PMW56eZitiTeO7tKzZxFCSpbFZJtkMMooicw2us9A=
github.com/lib/pq v1.0.0/go.mod h1:5WUZQaWbwv1U+lTReE5YruASi9Al49XbQIvNi/34Woo=
github.com/pkg/errors v0.8.1 h1:iURUrRGxPUNPdy5/HRSm+Yj6okJ6UtLINN0Q9M4+h3I=
github.com/pkg/errors v0.8.1/go.mod h1:bwawxfHBFNV+L2hUp1rHADufV3IMtnDRdf1r5NINEl0=
github.com/pkg/errors v0.9.1 h1:FEBLx1zS214owpjy7qsBeixbURkuhQAwrK5UwLGTwt4=
github.com/pkg/errors v0.9.1/go.mod h1:bwawxfHBFNV+L2hUp1rHADufV3IMtnDRdf1r5NINEl0=
github.com/shopspring/decimal v0.0.0-20180709203117-cd690d0c9e24 h1:pntxY8Ary0t43dCZ5dqY4YTJCObLY1kIXl0uzMv+7DE=
github.com/shopspring/decimal v0.0.0-20180709203117-cd690d0c9e24/go.mod h1:M+9NzErvs504Cn4c5DxATwIqPbtswREoFCre64PpcG4=
github.com/shopspring/decimal v1.4.0 h1:bxl37RwXBklmTi0C79JfXCEBD1cqqHt0bbgBAGFp81k=
github.com/shopspring/decimal v1.4.0/go.mod h1:gawqmDU56v4yIKSwfBSFip1HdCCXN8/+DMd9qYNcwME=
